
Microsoft Visual Studio Solution File, Format Version 12.00
# Visual Studio 15
VisualStudioVersion = 15.0.28307.168
MinimumVisualStudioVersion = 10.0.40219.1
Project("{9A19103F-16F7-4668-BE54-9A1E7A4F7556}") = "SiragMamaCalculatorWebApp", "SiragMamaCalculatorWebApp\SiragMamaCalculatorWebApp.csproj", "{F3826C89-7DB8-4395-8EA5-D3D18212F7BC}"
EndProject
Global
	GlobalSection(SolutionConfigurationPlatforms) = preSolution
		Debug|Any CPU = Debug|Any CPU
		Release|Any CPU = Release|Any CPU
	EndGlobalSection
	GlobalSection(ProjectConfigurationPlatforms) = postSolution
		{F3826C89-7DB8-4395-8EA5-D3D18212F7BC}.Debug|Any CPU.ActiveCfg = Debug|Any CPU
		{F3826C89-7DB8-4395-8EA5-D3D18212F7BC}.Debug|Any CPU.Build.0 = Debug|Any CPU
		{F3826C89-7DB8-4395-8EA5-D3D18212F7BC}.Release|Any CPU.ActiveCfg = Release|Any CPU
		{F3826C89-7DB8-4395-8EA5-D3D18212F7BC}.Release|Any CPU.Build.0 = Release|Any CPU
	EndGlobalSection
	GlobalSection(SolutionProperties) = preSolution
		HideSolutionNode = FALSE
	EndGlobalSection
	GlobalSection(ExtensibilityGlobals) = postSolution
		SolutionGuid = {172E714F-5422-4049-97F6-635278DAB07F}
	EndGlobalSection
EndGlobal
